// !$*UTF8*$!
{
	archiveVersion = 1;
	classes = {
	};
	objectVersion = 56;
	objects = {

/* Begin PBXBuildFile section */
		409AE4BC2BF3749E00F706D7 /* AppDelegate.swift in Sources */ = {isa = PBXBuildFile; fileRef = 409AE4BB2BF3749E00F706D7 /* AppDelegate.swift */; };
		409AE4BE2BF3749E00F706D7 /* SceneDelegate.swift in Sources */ = {isa = PBXBuildFile; fileRef = 409AE4BD2BF3749E00F706D7 /* SceneDelegate.swift */; };
		409AE4C02BF3749E00F706D7 /* ViewController.swift in Sources */ = {isa = PBXBuildFile; fileRef = 409AE4BF2BF3749E00F706D7 /* ViewController.swift */; };
		409AE4C32BF3749F00F706D7 /* Base in Resources */ = {isa = PBXBuildFile; fileRef = 409AE4C22BF3749F00F706D7 /* Base */; };
		409AE4C62BF3749F00F706D7 /* WhatFlowerScannerMk2.xcdatamodeld in Sources */ = {isa = PBXBuildFile; fileRef = 409AE4C42BF3749F00F706D7 /* WhatFlowerScannerMk2.xcdatamodeld */; };
		409AE4C82BF374A400F706D7 /* Assets.xcassets in Resources */ = {isa = PBXBuildFile; fileRef = 409AE4C72BF374A400F706D7 /* Assets.xcassets */; };
		409AE4CB2BF374A400F706D7 /* Base in Resources */ = {isa = PBXBuildFile; fileRef = 409AE4CA2BF374A400F706D7 /* Base */; };
		409AE4D62BF374A500F706D7 /* WhatFlowerScannerMk2Tests.swift in Sources */ = {isa = PBXBuildFile; fileRef = 409AE4D52BF374A500F706D7 /* WhatFlowerScannerMk2Tests.swift */; };
		409AE4E02BF374A500F706D7 /* WhatFlowerScannerMk2UITests.swift in Sources */ = {isa = PBXBuildFile; fileRef = 409AE4DF2BF374A500F706D7 /* WhatFlowerScannerMk2UITests.swift */; };
		409AE4E22BF374A500F706D7 /* WhatFlowerScannerMk2UITestsLaunchTests.swift in Sources */ = {isa = PBXBuildFile; fileRef = 409AE4E12BF374A500F706D7 /* WhatFlowerScannerMk2UITestsLaunchTests.swift */; };
/* End PBXBuildFile section */

/* Begin PBXContainerItemProxy section */
		409AE4D22BF374A500F706D7 /* PBXContainerItemProxy */ = {
			isa = PBXContainerItemProxy;
			containerPortal = 409AE4B02BF3749E00F706D7 /* Project object */;
			proxyType = 1;
			remoteGlobalIDString = 409AE4B72BF3749E00F706D7;
			remoteInfo = WhatFlowerScannerMk2;
		};
		409AE4DC2BF374A500F706D7 /* PBXContainerItemProxy */ = {
			isa = PBXContainerItemProxy;
			containerPortal = 409AE4B02BF3749E00F706D7 /* Project object */;
			proxyType = 1;
			remoteGlobalIDString = 409AE4B72BF3749E00F706D7;
			remoteInfo = WhatFlowerScannerMk2;
		};
/* End PBXContainerItemProxy section */

/* Begin PBXFileReference section */
		409AE4B82BF3749E00F706D7 /* WhatFlowerScannerMk2.app */ = {isa = PBXFileReference; explicitFileType = wrapper.application; includeInIndex = 0; path = WhatFlowerScannerMk2.app; sourceTree = BUILT_PRODUCTS_DIR; };
		409AE4BB2BF3749E00F706D7 /* AppDelegate.swift */ = {isa = PBXFileReference; lastKnownFileType = sourcecode.swift; path = AppDelegate.swift; sourceTree = "<group>"; };
		409AE4BD2BF3749E00F706D7 /* SceneDelegate.swift */ = {isa = PBXFileReference; lastKnownFileType = sourcecode.swift; path = SceneDelegate.swift; sourceTree = "<group>"; };
		409AE4BF2BF3749E00F706D7 /* ViewController.swift */ = {isa = PBXFileReference; lastKnownFileType = sourcecode.swift; path = ViewController.swift; sourceTree = "<group>"; };
		409AE4C22BF3749F00F706D7 /* Base */ = {isa = PBXFileReference; lastKnownFileType = file.storyboard; name = Base; path = Base.lproj/Main.storyboard; sourceTree = "<group>"; };
		409AE4C52BF3749F00F706D7 /* WhatFlowerScannerMk2.xcdatamodel */ = {isa = PBXFileReference; lastKnownFileType = wrapper.xcdatamodel; path = WhatFlowerScannerMk2.xcdatamodel; sourceTree = "<group>"; };
		409AE4C72BF374A400F706D7 /* Assets.xcassets */ = {isa = PBXFileReference; lastKnownFileType = folder.assetcatalog; path = Assets.xcassets; sourceTree = "<group>"; };
		409AE4CA2BF374A400F706D7 /* Base */ = {isa = PBXFileReference; lastKnownFileType = file.storyboard; name = Base; path = Base.lproj/LaunchScreen.storyboard; sourceTree = "<group>"; };
		409AE4CC2BF374A400F706D7 /* Info.plist */ = {isa = PBXFileReference; lastKnownFileType = text.plist.xml; path = Info.plist; sourceTree = "<group>"; };
		409AE4D12BF374A500F706D7 /* WhatFlowerScannerMk2Tests.xctest */ = {isa = PBXFileReference; explicitFileType = wrapper.cfbundle; includeInIndex = 0; path = WhatFlowerScannerMk2Tests.xctest; sourceTree = BUILT_PRODUCTS_DIR; };
		409AE4D52BF374A500F706D7 /* WhatFlowerScannerMk2Tests.swift */ = {isa = PBXFileReference; lastKnownFileType = sourcecode.swift; path = WhatFlowerScannerMk2Tests.swift; sourceTree = "<group>"; };
		409AE4DB2BF374A500F706D7 /* WhatFlowerScannerMk2UITests.xctest */ = {isa = PBXFileReference; explicitFileType = wrapper.cfbundle; includeInIndex = 0; path = WhatFlowerScannerMk2UITests.xctest; sourceTree = BUILT_PRODUCTS_DIR; };
		409AE4DF2BF374A500F706D7 /* WhatFlowerScannerMk2UITests.swift */ = {isa = PBXFileReference; lastKnownFileType = sourcecode.swift; path = WhatFlowerScannerMk2UITests.swift; sourceTree = "<group>"; };
		409AE4E12BF374A500F706D7 /* WhatFlowerScannerMk2UITestsLaunchTests.swift */ = {isa = PBXFileReference; lastKnownFileType = sourcecode.swift; path = WhatFlowerScannerMk2UITestsLaunchTests.swift; sourceTree = "<group>"; };
/* End PBXFileReference section */

/* Begin PBXFrameworksBuildPhase section */
		409AE4B52BF3749E00F706D7 /* Frameworks */ = {
			isa = PBXFrameworksBuildPhase;
			buildActionMask = 2147483647;
			files = (
			);
			runOnlyForDeploymentPostprocessing = 0;
		};
		409AE4CE2BF374A500F706D7 /* Frameworks */ = {
			isa = PBXFrameworksBuildPhase;
			buildActionMask = 2147483647;
			files = (
			);
			runOnlyForDeploymentPostprocessing = 0;
		};
		409AE4D82BF374A500F706D7 /* Frameworks */ = {
			isa = PBXFrameworksBuildPhase;
			buildActionMask = 2147483647;
			files = (
			);
			runOnlyForDeploymentPostprocessing = 0;
		};
/* End PBXFrameworksBuildPhase section */

/* Begin PBXGroup section */
		409AE4AF2BF3749E00F706D7 = {
			isa = PBXGroup;
			children = (
				409AE4BA2BF3749E00F706D7 /* WhatFlowerScannerMk2 */,
				409AE4D42BF374A500F706D7 /* WhatFlowerScannerMk2Tests */,
				409AE4DE2BF374A500F706D7 /* WhatFlowerScannerMk2UITests */,
				409AE4B92BF3749E00F706D7 /* Products */,
			);
			sourceTree = "<group>";
		};
		409AE4B92BF3749E00F706D7 /* Products */ = {
			isa = PBXGroup;
			children = (
				409AE4B82BF3749E00F706D7 /* WhatFlowerScannerMk2.app */,
				409AE4D12BF374A500F706D7 /* WhatFlowerScannerMk2Tests.xctest */,
				409AE4DB2BF374A500F706D7 /* WhatFlowerScannerMk2UITests.xctest */,
			);
			name = Products;
			sourceTree = "<group>";
		};
		409AE4BA2BF3749E00F706D7 /* WhatFlowerScannerMk2 */ = {
			isa = PBXGroup;
			children = (
				409AE4BB2BF3749E00F706D7 /* AppDelegate.swift */,
				409AE4BD2BF3749E00F706D7 /* SceneDelegate.swift */,
				409AE4BF2BF3749E00F706D7 /* ViewController.swift */,
				409AE4C12BF3749F00F706D7 /* Main.storyboard */,
				409AE4C72BF374A400F706D7 /* Assets.xcassets */,
				409AE4C92BF374A400F706D7 /* LaunchScreen.storyboard */,
				409AE4CC2BF374A400F706D7 /* Info.plist */,
				409AE4C42BF3749F00F706D7 /* WhatFlowerScannerMk2.xcdatamodeld */,
			);
			path = WhatFlowerScannerMk2;
			sourceTree = "<group>";
		};
		409AE4D42BF374A500F706D7 /* WhatFlowerScannerMk2Tests */ = {
			isa = PBXGroup;
			children = (
				409AE4D52BF374A500F706D7 /* WhatFlowerScannerMk2Tests.swift */,
			);
			path = WhatFlowerScannerMk2Tests;
			sourceTree = "<group>";
		};
		409AE4DE2BF374A500F706D7 /* WhatFlowerScannerMk2UITests */ = {
			isa = PBXGroup;
			children = (
				409AE4DF2BF374A500F706D7 /* WhatFlowerScannerMk2UITests.swift */,
				409AE4E12BF374A500F706D7 /* WhatFlowerScannerMk2UITestsLaunchTests.swift */,
			);
			path = WhatFlowerScannerMk2UITests;
			sourceTree = "<group>";
		};
/* End PBXGroup section */

/* Begin PBXNativeTarget section */
		409AE4B72BF3749E00F706D7 /* WhatFlowerScannerMk2 */ = {
			isa = PBXNativeTarget;
			buildConfigurationList = 409AE4E52BF374A500F706D7 /* Build configuration list for PBXNativeTarget "WhatFlowerScannerMk2" */;
			buildPhases = (
				409AE4B42BF3749E00F706D7 /* Sources */,
				409AE4B52BF3749E00F706D7 /* Frameworks */,
				409AE4B62BF3749E00F706D7 /* Resources */,
			);
			buildRules = (
			);
			dependencies = (
			);
			name = WhatFlowerScannerMk2;
			productName = WhatFlowerScannerMk2;
			productReference = 409AE4B82BF3749E00F706D7 /* WhatFlowerScannerMk2.app */;
			productType = "com.apple.product-type.application";
		};
		409AE4D02BF374A500F706D7 /* WhatFlowerScannerMk2Tests */ = {
			isa = PBXNativeTarget;
			buildConfigurationList = 409AE4E82BF374A500F706D7 /* Build configuration list for PBXNativeTarget "WhatFlowerScannerMk2Tests" */;
			buildPhases = (
				409AE4CD2BF374A500F706D7 /* Sources */,
				409AE4CE2BF374A500F706D7 /* Frameworks */,
				409AE4CF2BF374A500F706D7 /* Resources */,
			);
			buildRules = (
			);
			dependencies = (
				409AE4D32BF374A500F706D7 /* PBXTargetDependency */,
			);
			name = WhatFlowerScannerMk2Tests;
			productName = WhatFlowerScannerMk2Tests;
			productReference = 409AE4D12BF374A500F706D7 /* WhatFlowerScannerMk2Tests.xctest */;
			productType = "com.apple.product-type.bundle.unit-test";
		};
		409AE4DA2BF374A500F706D7 /* WhatFlowerScannerMk2UITests */ = {
			isa = PBXNativeTarget;
			buildConfigurationList = 409AE4EB2BF374A500F706D7 /* Build configuration list for PBXNativeTarget "WhatFlowerScannerMk2UITests" */;
			buildPhases = (
				409AE4D72BF374A500F706D7 /* Sources */,
				409AE4D82BF374A500F706D7 /* Frameworks */,
				409AE4D92BF374A500F706D7 /* Resources */,
			);
			buildRules = (
			);
			dependencies = (
				409AE4DD2BF374A500F706D7 /* PBXTargetDependency */,
			);
			name = WhatFlowerScannerMk2UITests;
			productName = WhatFlowerScannerMk2UITests;
			productReference = 409AE4DB2BF374A500F706D7 /* WhatFlowerScannerMk2UITests.xctest */;
			productType = "com.apple.product-type.bundle.ui-testing";
		};
/* End PBXNativeTarget section */

/* Begin PBXProject section */
		409AE4B02BF3749E00F706D7 /* Project object */ = {
			isa = PBXProject;
			attributes = {
				BuildIndependentTargetsInParallel = 1;
				LastSwiftUpdateCheck = 1530;
				LastUpgradeCheck = 1530;
				TargetAttributes = {
					409AE4B72BF3749E00F706D7 = {
						CreatedOnToolsVersion = 15.3;
					};
					409AE4D02BF374A500F706D7 = {
						CreatedOnToolsVersion = 15.3;
						TestTargetID = 409AE4B72BF3749E00F706D7;
					};
					409AE4DA2BF374A500F706D7 = {
						CreatedOnToolsVersion = 15.3;
						TestTargetID = 409AE4B72BF3749E00F706D7;
					};
				};
			};
			buildConfigurationList = 409AE4B32BF3749E00F706D7 /* Build configuration list for PBXProject "WhatFlowerScannerMk2" */;
			compatibilityVersion = "Xcode 14.0";
			developmentRegion = en;
			hasScannedForEncodings = 0;
			knownRegions = (
				en,
				Base,
			);
			mainGroup = 409AE4AF2BF3749E00F706D7;
			productRefGroup = 409AE4B92BF3749E00F706D7 /* Products */;
			projectDirPath = "";
			projectRoot = "";
			targets = (
				409AE4B72BF3749E00F706D7 /* WhatFlowerScannerMk2 */,
				409AE4D02BF374A500F706D7 /* WhatFlowerScannerMk2Tests */,
				409AE4DA2BF374A500F706D7 /* WhatFlowerScannerMk2UITests */,
			);
		};
/* End PBXProject section */

/* Begin PBXResourcesBuildPhase section */
		409AE4B62BF3749E00F706D7 /* Resources */ = {
			isa = PBXResourcesBuildPhase;
			buildActionMask = 2147483647;
			files = (
				409AE4C82BF374A400F706D7 /* Assets.xcassets in Resources */,
				409AE4CB2BF374A400F706D7 /* Base in Resources */,
				409AE4C32BF3749F00F706D7 /* Base in Resources */,
			);
			runOnlyForDeploymentPostprocessing = 0;
		};
		409AE4CF2BF374A500F706D7 /* Resources */ = {
			isa = PBXResourcesBuildPhase;
			buildActionMask = 2147483647;
			files = (
			);
			runOnlyForDeploymentPostprocessing = 0;
		};
		409AE4D92BF374A500F706D7 /* Resources */ = {
			isa = PBXResourcesBuildPhase;
			buildActionMask = 2147483647;
			files = (
			);
			runOnlyForDeploymentPostprocessing = 0;
		};
/* End PBXResourcesBuildPhase section */

/* Begin PBXSourcesBuildPhase section */
		409AE4B42BF3749E00F706D7 /* Sources */ = {
			isa = PBXSourcesBuildPhase;
			buildActionMask = 2147483647;
			files = (
				409AE4C62BF3749F00F706D7 /* WhatFlowerScannerMk2.xcdatamodeld in Sources */,
				409AE4C02BF3749E00F706D7 /* ViewController.swift in Sources */,
				409AE4BC2BF3749E00F706D7 /* AppDelegate.swift in Sources */,
				409AE4BE2BF3749E00F706D7 /* SceneDelegate.swift in Sources */,
			);
			runOnlyForDeploymentPostprocessing = 0;
		};
		409AE4CD2BF374A500F706D7 /* Sources */ = {
			isa = PBXSourcesBuildPhase;
			buildActionMask = 2147483647;
			files = (
				409AE4D62BF374A500F706D7 /* WhatFlowerScannerMk2Tests.swift in Sources */,
			);
			runOnlyForDeploymentPostprocessing = 0;
		};
		409AE4D72BF374A500F706D7 /* Sources */ = {
			isa = PBXSourcesBuildPhase;
			buildActionMask = 2147483647;
			files = (
				409AE4E02BF374A500F706D7 /* WhatFlowerScannerMk2UITests.swift in Sources */,
				409AE4E22BF374A500F706D7 /* WhatFlowerScannerMk2UITestsLaunchTests.swift in Sources */,
			);
			runOnlyForDeploymentPostprocessing = 0;
		};
/* End PBXSourcesBuildPhase section */

/* Begin PBXTargetDependency section */
		409AE4D32BF374A500F706D7 /* PBXTargetDependency */ = {
			isa = PBXTargetDependency;
			target = 409AE4B72BF3749E00F706D7 /* WhatFlowerScannerMk2 */;
			targetProxy = 409AE4D22BF374A500F706D7 /* PBXContainerItemProxy */;
		};
		409AE4DD2BF374A500F706D7 /* PBXTargetDependency */ = {
			isa = PBXTargetDependency;
			target = 409AE4B72BF3749E00F706D7 /* WhatFlowerScannerMk2 */;
			targetProxy = 409AE4DC2BF374A500F706D7 /* PBXContainerItemProxy */;
		};
/* End PBXTargetDependency section */

/* Begin PBXVariantGroup section */
		409AE4C12BF3749F00F706D7 /* Main.storyboard */ = {
			isa = PBXVariantGroup;
			children = (
				409AE4C22BF3749F00F706D7 /* Base */,
			);
			name = Main.storyboard;
			sourceTree = "<group>";
		};
		409AE4C92BF374A400F706D7 /* LaunchScreen.storyboard */ = {
			isa = PBXVariantGroup;
			children = (
				409AE4CA2BF374A400F706D7 /* Base */,
			);
			name = LaunchScreen.storyboard;
			sourceTree = "<group>";
		};
/* End PBXVariantGroup section */

/* Begin XCBuildConfiguration section */
		409AE4E32BF374A500F706D7 /* Debug */ = {
			isa = XCBuildConfiguration;
			buildSettings = {
				ALWAYS_SEARCH_USER_PATHS = NO;
				ASSETCATALOG_COMPILER_GENERATE_SWIFT_ASSET_SYMBOL_EXTENSIONS = YES;
				CLANG_ANALYZER_NONNULL = YES;
				CLANG_ANALYZER_NUMBER_OBJECT_CONVERSION = YES_AGGRESSIVE;
				CLANG_CXX_LANGUAGE_STANDARD = "gnu++20";
				CLANG_ENABLE_MODULES = YES;
				CLANG_ENABLE_OBJC_ARC = YES;
				CLANG_ENABLE_OBJC_WEAK = YES;
				CLANG_WARN_BLOCK_CAPTURE_AUTORELEASING = YES;
				CLANG_WARN_BOOL_CONVERSION = YES;
				CLANG_WARN_COMMA = YES;
				CLANG_WARN_CONSTANT_CONVERSION = YES;
				CLANG_WARN_DEPRECATED_OBJC_IMPLEMENTATIONS = YES;
				CLANG_WARN_DIRECT_OBJC_ISA_USAGE = YES_ERROR;
				CLANG_WARN_DOCUMENTATION_COMMENTS = YES;
				CLANG_WARN_EMPTY_BODY = YES;
				CLANG_WARN_ENUM_CONVERSION = YES;
				CLANG_WARN_INFINITE_RECURSION = YES;
				CLANG_WARN_INT_CONVERSION = YES;
				CLANG_WARN_NON_LITERAL_NULL_CONVERSION = YES;
				CLANG_WARN_OBJC_IMPLICIT_RETAIN_SELF = YES;
				CLANG_WARN_OBJC_LITERAL_CONVERSION = YES;
				CLANG_WARN_OBJC_ROOT_CLASS = YES_ERROR;
				CLANG_WARN_QUOTED_INCLUDE_IN_FRAMEWORK_HEADER = YES;
				CLANG_WARN_RANGE_LOOP_ANALYSIS = YES;
				CLANG_WARN_STRICT_PROTOTYPES = YES;
				CLANG_WARN_SUSPICIOUS_MOVE = YES;
				CLANG_WARN_UNGUARDED_AVAILABILITY = YES_AGGRESSIVE;
				CLANG_WARN_UNREACHABLE_CODE = YES;
				CLANG_WARN__DUPLICATE_METHOD_MATCH = YES;
				COPY_PHASE_STRIP = NO;
				DEBUG_INFORMATION_FORMAT = dwarf;
				ENABLE_STRICT_OBJC_MSGSEND = YES;
				ENABLE_TESTABILITY = YES;
				ENABLE_USER_SCRIPT_SANDBOXING = YES;
				GCC_C_LANGUAGE_STANDARD = gnu17;
				GCC_DYNAMIC_NO_PIC = NO;
				GCC_NO_COMMON_BLOCKS = YES;
				GCC_OPTIMIZATION_LEVEL = 0;
				GCC_PREPROCESSOR_DEFINITIONS = (
					"DEBUG=1",
					"$(inherited)",
				);
				GCC_WARN_64_TO_32_BIT_CONVERSION = YES;
				GCC_WARN_ABOUT_RETURN_TYPE = YES_ERROR;
				GCC_WARN_UNDECLARED_SELECTOR = YES;
				GCC_WARN_UNINITIALIZED_AUTOS = YES_AGGRESSIVE;
				GCC_WARN_UNUSED_FUNCTION = YES;
				GCC_WARN_UNUSED_VARIABLE = YES;
				IPHONEOS_DEPLOYMENT_TARGET = 17.4;
				LOCALIZATION_PREFERS_STRING_CATALOGS = YES;
				MTL_ENABLE_DEBUG_INFO = INCLUDE_SOURCE;
				MTL_FAST_MATH = YES;
				ONLY_ACTIVE_ARCH = YES;
				SDKROOT = iphoneos;
				SWIFT_ACTIVE_COMPILATION_CONDITIONS = "DEBUG $(inherited)";
				SWIFT_OPTIMIZATION_LEVEL = "-Onone";
			};
			name = Debug;
		};
		409AE4E42BF374A500F706D7 /* Release */ = {
			isa = XCBuildConfiguration;
			buildSettings = {
				ALWAYS_SEARCH_USER_PATHS = NO;
				ASSETCATALOG_COMPILER_GENERATE_SWIFT_ASSET_SYMBOL_EXTENSIONS = YES;
				CLANG_ANALYZER_NONNULL = YES;
				CLANG_ANALYZER_NUMBER_OBJECT_CONVERSION = YES_AGGRESSIVE;
				CLANG_CXX_LANGUAGE_STANDARD = "gnu++20";
				CLANG_ENABLE_MODULES = YES;
				CLANG_ENABLE_OBJC_ARC = YES;
				CLANG_ENABLE_OBJC_WEAK = YES;
				CLANG_WARN_BLOCK_CAPTURE_AUTORELEASING = YES;
				CLANG_WARN_BOOL_CONVERSION = YES;
				CLANG_WARN_COMMA = YES;
				CLANG_WARN_CONSTANT_CONVERSION = YES;
				CLANG_WARN_DEPRECATED_OBJC_IMPLEMENTATIONS = YES;
				CLANG_WARN_DIRECT_OBJC_ISA_USAGE = YES_ERROR;
				CLANG_WARN_DOCUMENTATION_COMMENTS = YES;
				CLANG_WARN_EMPTY_BODY = YES;
				CLANG_WARN_ENUM_CONVERSION = YES;
				CLANG_WARN_INFINITE_RECURSION = YES;
				CLANG_WARN_INT_CONVERSION = YES;
				CLANG_WARN_NON_LITERAL_NULL_CONVERSION = YES;
				CLANG_WARN_OBJC_IMPLICIT_RETAIN_SELF = YES;
				CLANG_WARN_OBJC_LITERAL_CONVERSION = YES;
				CLANG_WARN_OBJC_ROOT_CLASS = YES_ERROR;
				CLANG_WARN_QUOTED_INCLUDE_IN_FRAMEWORK_HEADER = YES;
				CLANG_WARN_RANGE_LOOP_ANALYSIS = YES;
				CLANG_WARN_STRICT_PROTOTYPES = YES;
				CLANG_WARN_SUSPICIOUS_MOVE = YES;
				CLANG_WARN_UNGUARDED_AVAILABILITY = YES_AGGRESSIVE;
				CLANG_WARN_UNREACHABLE_CODE = YES;
				CLANG_WARN__DUPLICATE_METHOD_MATCH = YES;
				COPY_PHASE_STRIP = NO;
				DEBUG_INFORMATION_FORMAT = "dwarf-with-dsym";
				ENABLE_NS_ASSERTIONS = NO;
				ENABLE_STRICT_OBJC_MSGSEND = YES;
				ENABLE_USER_SCRIPT_SANDBOXING = YES;
				GCC_C_LANGUAGE_STANDARD = gnu17;
				GCC_NO_COMMON_BLOCKS = YES;
				GCC_WARN_64_TO_32_BIT_CONVERSION = YES;
				GCC_WARN_ABOUT_RETURN_TYPE = YES_ERROR;
				GCC_WARN_UNDECLARED_SELECTOR = YES;
				GCC_WARN_UNINITIALIZED_AUTOS = YES_AGGRESSIVE;
				GCC_WARN_UNUSED_FUNCTION = YES;
				GCC_WARN_UNUSED_VARIABLE = YES;
				IPHONEOS_DEPLOYMENT_TARGET = 17.4;
				LOCALIZATION_PREFERS_STRING_CATALOGS = YES;
				MTL_ENABLE_DEBUG_INFO = NO;
				MTL_FAST_MATH = YES;
				SDKROOT = iphoneos;
				SWIFT_COMPILATION_MODE = wholemodule;
				VALIDATE_PRODUCT = YES;
			};
			name = Release;
		};
		409AE4E62BF374A500F706D7 /* Debug */ = {
			isa = XCBuildConfiguration;
			buildSettings = {
				ASSETCATALOG_COMPILER_APPICON_NAME = AppIcon;
				ASSETCATALOG_COMPILER_GLOBAL_ACCENT_COLOR_NAME = AccentColor;
				CODE_SIGN_STYLE = Automatic;
				CURRENT_PROJECT_VERSION = 1;
				DEVELOPMENT_TEAM = M9MT23QW7V;
				GENERATE_INFOPLIST_FILE = YES;
				INFOPLIST_FILE = WhatFlowerScannerMk2/Info.plist;
				INFOPLIST_KEY_UIApplicationSupportsIndirectInputEvents = YES;
				INFOPLIST_KEY_UILaunchStoryboardName = LaunchScreen;
				INFOPLIST_KEY_UIMainStoryboardFile = Main;
				INFOPLIST_KEY_UISupportedInterfaceOrientations_iPad = "UIInterfaceOrientationPortrait UIInterfaceOrientationPortraitUpsideDown UIInterfaceOrientationLandscapeLeft UIInterfaceOrientationLandscapeRight";
				INFOPLIST_KEY_UISupportedInterfaceOrientations_iPhone = "UIInterfaceOrientationPortrait UIInterfaceOrientationLandscapeLeft UIInterfaceOrientationLandscapeRight";
				LD_RUNPATH_SEARCH_PATHS = (
					"$(inherited)",
					"@executable_path/Frameworks",
				);
				MARKETING_VERSION = 1.0;
				PRODUCT_BUNDLE_IDENTIFIER = noahpope.WhatFlowerScannerMk2;
				PRODUCT_NAME = "$(TARGET_NAME)";
				SWIFT_EMIT_LOC_STRINGS = YES;
				SWIFT_VERSION = 5.0;
				TARGETED_DEVICE_FAMILY = "1,2";
			};
			name = Debug;
		};
		409AE4E72BF374A500F706D7 /* Release */ = {
			isa = XCBuildConfiguration;
			buildSettings = {
				ASSETCATALOG_COMPILER_APPICON_NAME = AppIcon;
				ASSETCATALOG_COMPILER_GLOBAL_ACCENT_COLOR_NAME = AccentColor;
				CODE_SIGN_STYLE = Automatic;
				CURRENT_PROJECT_VERSION = 1;
				DEVELOPMENT_TEAM = M9MT23QW7V;
				GENERATE_INFOPLIST_FILE = YES;
				INFOPLIST_FILE = WhatFlowerScannerMk2/Info.plist;
				INFOPLIST_KEY_UIApplicationSupportsIndirectInputEvents = YES;
				INFOPLIST_KEY_UILaunchStoryboardName = LaunchScreen;
				INFOPLIST_KEY_UIMainStoryboardFile = Main;
				INFOPLIST_KEY_UISupportedInterfaceOrientations_iPad = "UIInterfaceOrientationPortrait UIInterfaceOrientationPortraitUpsideDown UIInterfaceOrientationLandscapeLeft UIInterfaceOrientationLandscapeRight";
				INFOPLIST_KEY_UISupportedInterfaceOrientations_iPhone = "UIInterfaceOrientationPortrait UIInterfaceOrientationLandscapeLeft UIInterfaceOrientationLandscapeRight";
				LD_RUNPATH_SEARCH_PATHS = (
					"$(inherited)",
					"@executable_path/Frameworks",
				);
				MARKETING_VERSION = 1.0;
				PRODUCT_BUNDLE_IDENTIFIER = noahpope.WhatFlowerScannerMk2;
				PRODUCT_NAME = "$(TARGET_NAME)";
				SWIFT_EMIT_LOC_STRINGS = YES;
				SWIFT_VERSION = 5.0;
				TARGETED_DEVICE_FAMILY = "1,2";
			};
			name = Release;
		};
		409AE4E92BF374A500F706D7 /* Debug */ = {
			isa = XCBuildConfiguration;
			buildSettings = {
				ALWAYS_EMBED_SWIFT_STANDARD_LIBRARIES = YES;
				BUNDLE_LOADER = "$(TEST_HOST)";
				CODE_SIGN_STYLE = Automatic;
				CURRENT_PROJECT_VERSION = 1;
				DEVELOPMENT_TEAM = M9MT23QW7V;
				GENERATE_INFOPLIST_FILE = YES;
				IPHONEOS_DEPLOYMENT_TARGET = 17.4;
				MARKETING_VERSION = 1.0;
				PRODUCT_BUNDLE_IDENTIFIER = noahpope.WhatFlowerScannerMk2Tests;
				PRODUCT_NAME = "$(TARGET_NAME)";
				SWIFT_EMIT_LOC_STRINGS = NO;
				SWIFT_VERSION = 5.0;
				TARGETED_DEVICE_FAMILY = "1,2";
				TEST_HOST = "$(BUILT_PRODUCTS_DIR)/WhatFlowerScannerMk2.app/$(BUNDLE_EXECUTABLE_FOLDER_PATH)/WhatFlowerScannerMk2";
			};
			name = Debug;
		};
		409AE4EA2BF374A500F706D7 /* Release */ = {
			isa = XCBuildConfiguration;
			buildSettings = {
				ALWAYS_EMBED_SWIFT_STANDARD_LIBRARIES = YES;
				BUNDLE_LOADER = "$(TEST_HOST)";
				CODE_SIGN_STYLE = Automatic;
				CURRENT_PROJECT_VERSION = 1;
				DEVELOPMENT_TEAM = M9MT23QW7V;
				GENERATE_INFOPLIST_FILE = YES;
				IPHONEOS_DEPLOYMENT_TARGET = 17.4;
				MARKETING_VERSION = 1.0;
				PRODUCT_BUNDLE_IDENTIFIER = noahpope.WhatFlowerScannerMk2Tests;
				PRODUCT_NAME = "$(TARGET_NAME)";
				SWIFT_EMIT_LOC_STRINGS = NO;
				SWIFT_VERSION = 5.0;
				TARGETED_DEVICE_FAMILY = "1,2";
				TEST_HOST = "$(BUILT_PRODUCTS_DIR)/WhatFlowerScannerMk2.app/$(BUNDLE_EXECUTABLE_FOLDER_PATH)/WhatFlowerScannerMk2";
			};
			name = Release;
		};
		409AE4EC2BF374A500F706D7 /* Debug */ = {
			isa = XCBuildConfiguration;
			buildSettings = {
				ALWAYS_EMBED_SWIFT_STANDARD_LIBRARIES = YES;
				CODE_SIGN_STYLE = Automatic;
				CURRENT_PROJECT_VERSION = 1;
				DEVELOPMENT_TEAM = M9MT23QW7V;
				GENERATE_INFOPLIST_FILE = YES;
				MARKETING_VERSION = 1.0;
				PRODUCT_BUNDLE_IDENTIFIER = noahpope.WhatFlowerScannerMk2UITests;
				PRODUCT_NAME = "$(TARGET_NAME)";
				SWIFT_EMIT_LOC_STRINGS = NO;
				SWIFT_VERSION = 5.0;
				TARGETED_DEVICE_FAMILY = "1,2";
				TEST_TARGET_NAME = WhatFlowerScannerMk2;
			};
			name = Debug;
		};
		409AE4ED2BF374A500F706D7 /* Release */ = {
			isa = XCBuildConfiguration;
			buildSettings = {
				ALWAYS_EMBED_SWIFT_STANDARD_LIBRARIES = YES;
				CODE_SIGN_STYLE = Automatic;
				CURRENT_PROJECT_VERSION = 1;
				DEVELOPMENT_TEAM = M9MT23QW7V;
				GENERATE_INFOPLIST_FILE = YES;
				MARKETING_VERSION = 1.0;
				PRODUCT_BUNDLE_IDENTIFIER = noahpope.WhatFlowerScannerMk2UITests;
				PRODUCT_NAME = "$(TARGET_NAME)";
				SWIFT_EMIT_LOC_STRINGS = NO;
				SWIFT_VERSION = 5.0;
				TARGETED_DEVICE_FAMILY = "1,2";
				TEST_TARGET_NAME = WhatFlowerScannerMk2;
			};
			name = Release;
		};
/* End XCBuildConfiguration section */

/* Begin XCConfigurationList section */
		409AE4B32BF3749E00F706D7 /* Build configuration list for PBXProject "WhatFlowerScannerMk2" */ = {
			isa = XCConfigurationList;
			buildConfigurations = (
				409AE4E32BF374A500F706D7 /* Debug */,
				409AE4E42BF374A500F706D7 /* Release */,
			);
			defaultConfigurationIsVisible = 0;
			defaultConfigurationName = Release;
		};
		409AE4E52BF374A500F706D7 /* Build configuration list for PBXNativeTarget "WhatFlowerScannerMk2" */ = {
			isa = XCConfigurationList;
			buildConfigurations = (
				409AE4E62BF374A500F706D7 /* Debug */,
				409AE4E72BF374A500F706D7 /* Release */,
			);
			defaultConfigurationIsVisible = 0;
			defaultConfigurationName = Release;
		};
		409AE4E82BF374A500F706D7 /* Build configuration list for PBXNativeTarget "WhatFlowerScannerMk2Tests" */ = {
			isa = XCConfigurationList;
			buildConfigurations = (
				409AE4E92BF374A500F706D7 /* Debug */,
				409AE4EA2BF374A500F706D7 /* Release */,
			);
			defaultConfigurationIsVisible = 0;
			defaultConfigurationName = Release;
		};
		409AE4EB2BF374A500F706D7 /* Build configuration list for PBXNativeTarget "WhatFlowerScannerMk2UITests" */ = {
			isa = XCConfigurationList;
			buildConfigurations = (
				409AE4EC2BF374A500F706D7 /* Debug */,
				409AE4ED2BF374A500F706D7 /* Release */,
			);
			defaultConfigurationIsVisible = 0;
			defaultConfigurationName = Release;
		};
/* End XCConfigurationList section */

/* Begin XCVersionGroup section */
		409AE4C42BF3749F00F706D7 /* WhatFlowerScannerMk2.xcdatamodeld */ = {
			isa = XCVersionGroup;
			children = (
				409AE4C52BF3749F00F706D7 /* WhatFlowerScannerMk2.xcdatamodel */,
			);
			currentVersion = 409AE4C52BF3749F00F706D7 /* WhatFlowerScannerMk2.xcdatamodel */;
			path = WhatFlowerScannerMk2.xcdatamodeld;
			sourceTree = "<group>";
			versionGroupType = wrapper.xcdatamodel;
		};
/* End XCVersionGroup section */
	};
	rootObject = 409AE4B02BF3749E00F706D7 /* Project object */;
}
